
Microsoft Visual Studio Solution File, Format Version 12.00
# Visual Studio Version 16
VisualStudioVersion = 16.0.30804.86
MinimumVisualStudioVersion = 10.0.40219.1
Project("{FAE04EC0-301F-11D3-BF4B-00C04F79EFBC}") = "MyLab.Log.Syslog", "MyLab.Log.Syslog\MyLab.Log.Syslog.csproj", "{06850E86-2288-402B-B43F-7E5212CE4B84}"
EndProject
Project("{FAE04EC0-301F-11D3-BF4B-00C04F79EFBC}") = "UnitTests", "UnitTests\UnitTests.csproj", "{6E8D387C-0F35-4034-99BE-441AE403B18F}"
EndProject
Project("{FAE04EC0-301F-11D3-BF4B-00C04F79EFBC}") = "IntegrationTests", "IntegrationTests\IntegrationTests.csproj", "{493F8E75-341F-486C-81E9-51D935A0335D}"
EndProject
Global
	GlobalSection(SolutionConfigurationPlatforms) = preSolution
		Debug|Any CPU = Debug|Any CPU
		Release|Any CPU = Release|Any CPU
	EndGlobalSection
	GlobalSection(ProjectConfigurationPlatforms) = postSolution
		{06850E86-2288-402B-B43F-7E5212CE4B84}.Debug|Any CPU.ActiveCfg = Debug|Any CPU
		{06850E86-2288-402B-B43F-7E5212CE4B84}.Debug|Any CPU.Build.0 = Debug|Any CPU
		{06850E86-2288-402B-B43F-7E5212CE4B84}.Release|Any CPU.ActiveCfg = Release|Any CPU
		{06850E86-2288-402B-B43F-7E5212CE4B84}.Release|Any CPU.Build.0 = Release|Any CPU
		{6E8D387C-0F35-4034-99BE-441AE403B18F}.Debug|Any CPU.ActiveCfg = Debug|Any CPU
		{6E8D387C-0F35-4034-99BE-441AE403B18F}.Debug|Any CPU.Build.0 = Debug|Any CPU
		{6E8D387C-0F35-4034-99BE-441AE403B18F}.Release|Any CPU.ActiveCfg = Release|Any CPU
		{6E8D387C-0F35-4034-99BE-441AE403B18F}.Release|Any CPU.Build.0 = Release|Any CPU
		{493F8E75-341F-486C-81E9-51D935A0335D}.Debug|Any CPU.ActiveCfg = Debug|Any CPU
		{493F8E75-341F-486C-81E9-51D935A0335D}.Debug|Any CPU.Build.0 = Debug|Any CPU
		{493F8E75-341F-486C-81E9-51D935A0335D}.Release|Any CPU.ActiveCfg = Release|Any CPU
		{493F8E75-341F-486C-81E9-51D935A0335D}.Release|Any CPU.Build.0 = Release|Any CPU
	EndGlobalSection
	GlobalSection(SolutionProperties) = preSolution
		HideSolutionNode = FALSE
	EndGlobalSection
	GlobalSection(ExtensibilityGlobals) = postSolution
		SolutionGuid = {D3F4505A-5FAE-41B3-B363-D511A1E4BA5D}
	EndGlobalSection
EndGlobal
