
Microsoft Visual Studio Solution File, Format Version 12.00
# Visual Studio 15
VisualStudioVersion = 15.0.28010.2003
MinimumVisualStudioVersion = 10.0.40219.1
Project("{FAE04EC0-301F-11D3-BF4B-00C04F79EFBC}") = "Mylab.Systlog", "Mylab.Systlog\Mylab.Systlog.csproj", "{6BAA3C80-58CA-4A47-8569-30BF6AE421C9}"
EndProject
Global
	GlobalSection(SolutionConfigurationPlatforms) = preSolution
		Debug|Any CPU = Debug|Any CPU
		Release|Any CPU = Release|Any CPU
	EndGlobalSection
	GlobalSection(ProjectConfigurationPlatforms) = postSolution
		{6BAA3C80-58CA-4A47-8569-30BF6AE421C9}.Debug|Any CPU.ActiveCfg = Debug|Any CPU
		{6BAA3C80-58CA-4A47-8569-30BF6AE421C9}.Debug|Any CPU.Build.0 = Debug|Any CPU
		{6BAA3C80-58CA-4A47-8569-30BF6AE421C9}.Release|Any CPU.ActiveCfg = Release|Any CPU
		{6BAA3C80-58CA-4A47-8569-30BF6AE421C9}.Release|Any CPU.Build.0 = Release|Any CPU
	EndGlobalSection
	GlobalSection(SolutionProperties) = preSolution
		HideSolutionNode = FALSE
	EndGlobalSection
	GlobalSection(ExtensibilityGlobals) = postSolution
		SolutionGuid = {2B6F6183-EAEF-42E2-BC03-1D88A25C8E5A}
	EndGlobalSection
EndGlobal
